version = 1
revision = 2
requires-python = ">=3.13"

[[package]]
name = "arro3-core"
version = "0.6.5"
source = { registry = "https://pypi.org/simple" }
sdist = { url = "https://files.pythonhosted.org/packages/2a/01/f06342d2eb822153f63d188153e41fbeabb29b48247f7a11ce76c538f7d1/arro3_core-0.6.5.tar.gz", hash = "sha256:768078887cd7ac82de4736f94bbd91f6d660f10779848bd5b019f511badd9d75", size = 107522, upload-time = "2025-10-13T23:12:38.872Z" }
wheels = [
    { url = "https://files.pythonhosted.org/packages/78/85/20e46d3ed59d2f93be4a4d1abea4f6bef3e96acd59bf5a50726f84303c51/arro3_core-0.6.5-cp311-abi3-macosx_10_12_x86_64.whl", hash = "sha256:9d5999506daec1ab31096b3deb1e3573041d6ecadb4ca99c96f7ab26720c592c", size = 2685615, upload-time = "2025-10-13T23:09:41.793Z" },
    { url = "https://files.pythonhosted.org/packages/d0/9c/427d578f7d2bf3149515a8b75217e7189e7b1d74e5c5609e1a7e7f0f8d3c/arro3_core-0.6.5-cp311-abi3-macosx_11_0_arm64.whl", hash = "sha256:bd3e251184c2dd6ade81c5613256b6d85ab3ddbd5af838b1de657e0ddec017f8", size = 2391944, upload-time = "2025-10-13T23:09:45.266Z" },
    { url = "https://files.pythonhosted.org/packages/90/24/7e4af478eb889bfa401e1c1b8868048ca692e6205affbf81cf3666347852/arro3_core-0.6.5-cp311-abi3-manylinux_2_17_armv7l.manylinux2014_armv7l.whl", hash = "sha256:7cadb29349960d3821b0515d9df80f2725cea155ad966c699f6084de32e313cb", size = 2888376, upload-time = "2025-10-13T23:09:48.737Z" },
    { url = "https://files.pythonhosted.org/packages/70/3b/01006a96bc980275aa4d2eb759c5f10afb7c85fcdce3c36ddb18635ad23b/arro3_core-0.6.5-cp311-abi3-manylinux_2_17_ppc64le.manylinux2014_ppc64le.whl", hash = "sha256:a922e560ed2ccee3293d51b39e013b51cc233895d25ddafcacfb83c540a19e6f", size = 2916568, upload-time = "2025-10-13T23:09:51.95Z" },
    { url = "https://files.pythonhosted.org/packages/a2/2f/4e04c7f5687de6fb6f88aa7590b16bcf507ba17ddbd268525f27b70b7a68/arro3_core-0.6.5-cp311-abi3-manylinux_2_17_s390x.manylinux2014_s390x.whl", hash = "sha256:68fe6672bf51f039b12046a209cba0a9405e10ae44e5a0d557f091b356a62051", size = 3144223, upload-time = "2025-10-13T23:09:55.387Z" },
    { url = "https://files.pythonhosted.org/packages/31/4a/72dc383d1a0d14f1d453e334e3461e229762edb1bf3f75b3ab977e9386ed/arro3_core-0.6.5-cp311-abi3-manylinux_2_17_x86_64.manylinux2014_x86_64.whl", hash = "sha256:5c3ee95603e375401a58ff763ce2c8aa858e0c4f757c1fb719f48fb070f540b2", size = 2781862, upload-time = "2025-10-13T23:09:59.035Z" },
    { url = "https://files.pythonhosted.org/packages/14/dc/0df7684b683114eaf8e57989b4230edb359cbfb6e98b8770d69128b27572/arro3_core-0.6.5-cp311-abi3-manylinux_2_24_aarch64.whl", hash = "sha256:fbaf6b65213630007b798b565e0701c2092a330deeba16bd3d896d401f7e9f28", size = 2522442, upload-time = "2025-10-13T23:10:02.134Z" },
    { url = "https://files.pythonhosted.org/packages/c9/04/75f8627cd7fe4d103eca51760d50269cfbc0bf6beaf83a3cdefb4ebd37c7/arro3_core-0.6.5-cp311-abi3-manylinux_2_5_i686.manylinux1_i686.whl", hash = "sha256:20679f874558bb2113e96325522625ec64a72687000b7a9578031a4d082c6ef5", size = 3033454, upload-time = "2025-10-13T23:10:05.192Z" },
    { url = "https://files.pythonhosted.org/packages/ea/19/f2d54985da65bf6d3da76218bee56383285035541c8d0cadb53095845b3e/arro3_core-0.6.5-cp311-abi3-musllinux_1_2_aarch64.whl", hash = "sha256:d82d6ec32d5c7c73057fb9c528390289fd5bc94b8d8f28fca9c56fc8e41c412c", size = 2705984, upload-time = "2025-10-13T23:10:08.518Z" },
    { url = "https://files.pythonhosted.org/packages/6c/53/b1d7742d6db7b4aa44d3785956955d651b3ac36db321625fd15466be1aca/arro3_core-0.6.5-cp311-abi3-musllinux_1_2_armv7l.whl", hash = "sha256:4cba4db0a4203a3ccf131c3fb7804d77f0740d6165ec9efa3aa3acbca87c43a3", size = 3157472, upload-time = "2025-10-13T23:10:11.976Z" },
    { url = "https://files.pythonhosted.org/packages/05/31/68711327dbdd480aed54158fc1c46ab245e860ab0286e0916ce788f9889e/arro3_core-0.6.5-cp311-abi3-musllinux_1_2_i686.whl", hash = "sha256:e358affc4a0fe5c1b5dccf4f92c43a836aaa4c4eab0906c83b00b60275de3b6d", size = 3117099, upload-time = "2025-10-13T23:10:15.374Z" },
    { url = "https://files.pythonhosted.org/packages/31/e3/15ffca0797d9500b23759ae4477cf052fde8dd47a3890f4e4e1d04639016/arro3_core-0.6.5-cp311-abi3-musllinux_1_2_x86_64.whl", hash = "sha256:324e43f07b7681846d00a8995b78bdc4b4a719047aa0d34426b462b8f208ee98", size = 2963677, upload-time = "2025-10-13T23:10:18.828Z" },
    { url = "https://files.pythonhosted.org/packages/bc/02/69e60dbe3bbe2bfc8b6dfa4f4bfcb8d1dd240a137bf2a5f7bcc84703f05c/arro3_core-0.6.5-cp311-abi3-win_amd64.whl", hash = "sha256:285f802c8a42fe29ecb84584d1700bc4c4f974552b75f805e1f4362d28b97080", size = 2850445, upload-time = "2025-10-13T23:10:22.345Z" },
    { url = "https://files.pythonhosted.org/packages/b1/29/2e5b091f6b5cffb6489dbe7ed353841568dde8ac4d1232c77321da1d0925/arro3_core-0.6.5-cp313-cp313t-macosx_10_12_x86_64.whl", hash = "sha256:8c20e69c3b3411fd6ed56091f388e699072651e880e682be5bd14f3a392ed3e8", size = 2671985, upload-time = "2025-10-13T23:10:25.515Z" },
    { url = "https://files.pythonhosted.org/packages/30/74/764ac4b58fef3fdfc655416c42349206156db5c687fa24a0674acaeaadbb/arro3_core-0.6.5-cp313-cp313t-macosx_11_0_arm64.whl", hash = "sha256:92211f1d03221ff74d0b535a576b39601083d8e98e9d47228314573f9d4f9ae2", size = 2382931, upload-time = "2025-10-13T23:10:29.893Z" },
    { url = "https://files.pythonhosted.org/packages/6a/07/bd8c92e218240ae8a30150a5d7a2dab359b452ab54a8bb7b90effe806e3d/arro3_core-0.6.5-cp313-cp313t-manylinux_2_17_armv7l.manylinux2014_armv7l.whl", hash = "sha256:280d933b75f2649779d76e32a07f91d2352a952f2c97ddf7b320e267f440cd42", size = 2879900, upload-time = "2025-10-13T23:10:33.238Z" },
    { url = "https://files.pythonhosted.org/packages/0f/d4/253725019fe2ae5f5fde87928118ffa568cc59f07b2d6a0e90620938c537/arro3_core-0.6.5-cp313-cp313t-manylinux_2_17_ppc64le.manylinux2014_ppc64le.whl", hash = "sha256:bfc3f6b93b924f43fb7985b06202343c30b43da6bd5055ba8b84eda431e494d4", size = 2904149, upload-time = "2025-10-13T23:10:36.547Z" },
    { url = "https://files.pythonhosted.org/packages/f0/b0/7a3dea641ac8de041c1a34859a2f2a82d3cdf3c3360872101c1d198a1e24/arro3_core-0.6.5-cp313-cp313t-manylinux_2_17_s390x.manylinux2014_s390x.whl", hash = "sha256:a5963635eb698ebc7da689e641f68b3998864bab894cf0ca84bd058b8c60d97f", size = 3143477, upload-time = "2025-10-13T23:10:40.232Z" },
    { url = "https://files.pythonhosted.org/packages/a7/05/1a50575be33fe9240898a1b5a8574658a905b5675865285585e070dcf7e2/arro3_core-0.6.5-cp313-cp313t-manylinux_2_17_x86_64.manylinux2014_x86_64.whl", hash = "sha256:ac291b3e74b57e56e03373d57530540cbbbfd92e4219fe2778ea531006673fe9", size = 2776522, upload-time = "2025-10-13T23:10:43.413Z" },
    { url = "https://files.pythonhosted.org/packages/2e/bd/e7b03207e7906e94e327cd4190fdb2d26ae52bc4ee1edeb057fed760796b/arro3_core-0.6.5-cp313-cp313t-manylinux_2_24_aarch64.whl", hash = "sha256:5d3f4cc58a654037d61f61ba230419da2c8f88a0ac82b9d41fe307f7cf9fda97", size = 2515426, upload-time = "2025-10-13T23:10:46.926Z" },
    { url = "https://files.pythonhosted.org/packages/f9/ed/82d1febd5c104eccdfb82434e3619125c328c36da143e19dfa3c86de4a81/arro3_core-0.6.5-cp313-cp313t-manylinux_2_5_i686.manylinux1_i686.whl", hash = "sha256:93cddac90238d64451f5e66c630ded89d0b5fd6d2c099bf3a5151dde2c1ddf1d", size = 3024759, upload-time = "2025-10-13T23:10:50.281Z" },
    { url = "https://files.pythonhosted.org/packages/da/cd/00e06907e42e404c21eb08282dee94ac7a1961facfa9a96d116829031721/arro3_core-0.6.5-cp313-cp313t-musllinux_1_2_aarch64.whl", hash = "sha256:1fa7ac10db5846c33f4e8b66a6eaa705d84998e38575a835acac9a6a6649933d", size = 2700191, upload-time = "2025-10-13T23:10:53.776Z" },
    { url = "https://files.pythonhosted.org/packages/a3/11/a4bb9a900f456a6905d481bd2289f7a2371dcde024de56779621fd6a92c3/arro3_core-0.6.5-cp313-cp313t-musllinux_1_2_armv7l.whl", hash = "sha256:ca69f698a065cdbf845d59d412bc204e8f8af12f93737d82e6a18f3cff812349", size = 3149963, upload-time = "2025-10-13T23:10:57.163Z" },
    { url = "https://files.pythonhosted.org/packages/28/8a/79c76ad88b16f2fac25684f7313593738f353355eb1af2307e43efd7b1ca/arro3_core-0.6.5-cp313-cp313t-musllinux_1_2_i686.whl", hash = "sha256:de74a2512e2e2366d4b064c498c38672bf6ddea38acec8b1999b4e66182dd001", size = 3104663, upload-time = "2025-10-13T23:11:00.582Z" },
    { url = "https://files.pythonhosted.org/packages/20/66/9152feaa87f851a37c1a2bd74fb89d7e82e4c76447ee590bf8e6fff5e9d8/arro3_core-0.6.5-cp313-cp313t-musllinux_1_2_x86_64.whl", hash = "sha256:806ca8e20507675b2de68b3d009f76e898cc3c3e441c834ea5220866f68aac50", size = 2956440, upload-time = "2025-10-13T23:11:03.769Z" },
    { url = "https://files.pythonhosted.org/packages/ad/66/f4179ef64d5c18fe76ec93cfbff42c0f401438ef771c6766b880044d7e13/arro3_core-0.6.5-cp313-cp313t-win_amd64.whl", hash = "sha256:8f6f0cc78877ade7ad6e678a4671b191406547e7b407bc9637436869c017ed47", size = 2845345, upload-time = "2025-10-13T23:11:07.447Z" },
]

[[package]]
name = "colorama"
version = "0.4.6"
source = { registry = "https://pypi.org/simple" }
sdist = { url = "https://files.pythonhosted.org/packages/d8/53/6f443c9a4a8358a93a6792e2acffb9d9d5cb0a5cfd8802644b7b1c9a02e4/colorama-0.4.6.tar.gz", hash = "sha256:08695f5cb7ed6e0531a20572697297273c47b8cae5a63ffc6d6ed5c201be6e44", size = 27697, upload-time = "2022-10-25T02:36:22.414Z" }
wheels = [
    { url = "https://files.pythonhosted.org/packages/d1/d6/3965ed04c63042e047cb6a3e6ed1a63a35087b6a609aa3a15ed8ac56c221/colorama-0.4.6-py2.py3-none-any.whl", hash = "sha256:4f1d9991f5acc0ca119f9d443620b77f9d6b33703e51011c16baf57afb285fc6", size = 25335, upload-time = "2022-10-25T02:36:20.889Z" },
]

[[package]]
name = "delta-spark"
version = "4.0.1"
source = { registry = "https://pypi.org/simple" }
dependencies = [
    { name = "importlib-metadata" },
    { name = "pyspark" },
]
sdist = { url = "https://files.pythonhosted.org/packages/8f/4d/9670c5b109fb1c7a84814525cb116203cc36a6112eca546785d617f41a08/delta_spark-4.0.1.tar.gz", hash = "sha256:066512d723f615c9a900e1aa4d83bbc7d0f27a1703e1d5dc52606ea51b8733cc", size = 35521, upload-time = "2026-01-10T02:40:50.315Z" }
wheels = [
    { url = "https://files.pythonhosted.org/packages/13/22/a3716bc5ea86786be5f0afd09f62b20e6a111fa2d78868e930b19367a88c/delta_spark-4.0.1-py3-none-any.whl", hash = "sha256:ae0707eda68f05c6ec20b841c8966bb1201d1a5f124d9e94e8c2232162139be8", size = 43002, upload-time = "2026-01-10T02:40:49.047Z" },
]

[[package]]
name = "deltalake"
version = "1.4.1"
source = { registry = "https://pypi.org/simple" }
dependencies = [
    { name = "arro3-core" },
    { name = "deprecated" },
]
sdist = { url = "https://files.pythonhosted.org/packages/7d/ab/21ab69700b1688331e3f91befb3785895a11a4b640e57cbe9fc12873f481/deltalake-1.4.1.tar.gz", hash = "sha256:0a7e7f2f0f60edab087087f0144e539428c8d5a0e6f80f86fe49db82499a50ab", size = 5225573, upload-time = "2026-01-28T15:04:53.022Z" }
wheels = [
    { url = "https://files.pythonhosted.org/packages/98/a5/1cecba2f8cb897b4dda1353103ecac654719805781f5f74ed096e3ffb193/deltalake-1.4.1-cp310-abi3-macosx_10_12_x86_64.whl", hash = "sha256:dc7b6b99bd8a8d4949645b8f6073d0ced9dd06109fa9669b7802ddf8207291e1", size = 38772074, upload-time = "2026-01-28T15:31:52.765Z" },
    { url = "https://files.pythonhosted.org/packages/ed/ed/76449e738af4dc22b03c227d4396c93db026b9b5c89bb476f9cbebd77e71/deltalake-1.4.1-cp310-abi3-macosx_11_0_arm64.whl", hash = "sha256:0d4c460a4fab802cf051ca66a49583d93a3490842eb849bd1aae7176b12b8030", size = 35262889, upload-time = "2026-01-28T15:44:49.668Z" },
    { url = "https://files.pythonhosted.org/packages/0a/2f/d57b2b93d377f652e39d4707cd86f82946e9f78956063c3b8c2da2e6e4b2/deltalake-1.4.1-cp310-abi3-manylinux_2_17_x86_64.manylinux2014_x86_64.whl", hash = "sha256:bcd312abe5928f0da3217901431f6f537da4d51162d23cd81fc3849559c5f5cc", size = 39598664, upload-time = "2026-01-28T15:04:50.547Z" },
    { url = "https://files.pythonhosted.org/packages/05/51/b8b39ccdb5239045641d08398a46b078538d83cdf4e6520eff2a595ab212/deltalake-1.4.1-cp310-abi3-manylinux_2_28_aarch64.whl", hash = "sha256:cc98a04918d0acd0a425ecaf33b6fbbbe458d395da31139554b97b7a62a045f9", size = 38349642, upload-time = "2026-01-28T14:53:13.453Z" },
    { url = "https://files.pythonhosted.org/packages/2c/7f/fd365cd6c8cc736de76884d7d9d923f3ce2d1906472729d158a356f8db18/deltalake-1.4.1-cp310-abi3-musllinux_1_2_x86_64.whl", hash = "sha256:9a3af28f14535122395b89ff146c5acca4c00db63191c59c39a0ae30356030b6", size = 39598814, upload-time = "2026-01-28T15:03:55.047Z" },
    { url = "https://files.pythonhosted.org/packages/f4/fb/c0290f00163b5934f5a3238dc3252d17d89989f0838d0e95786603faa952/deltalake-1.4.1-cp310-abi3-win_amd64.whl", hash = "sha256:4dd4648be88375b5dadd119cd2a45f481e3df6007da6a519d49646f202b036da", size = 41956495, upload-time = "2026-01-28T15:29:44.726Z" },
]

[[package]]
name = "deprecated"
version = "1.3.1"
source = { registry = "https://pypi.org/simple" }
dependencies = [
    { name = "wrapt" },
]
sdist = { url = "https://files.pythonhosted.org/packages/49/85/12f0a49a7c4ffb70572b6c2ef13c90c88fd190debda93b23f026b25f9634/deprecated-1.3.1.tar.gz", hash = "sha256:b1b50e0ff0c1fddaa5708a2c6b0a6588bb09b892825ab2b214ac9ea9d92a5223", size = 2932523, upload-time = "2025-10-30T08:19:02.757Z" }
wheels = [
    { url = "https://files.pythonhosted.org/packages/84/d0/205d54408c08b13550c733c4b85429e7ead111c7f0014309637425520a9a/deprecated-1.3.1-py2.py3-none-any.whl", hash = "sha256:597bfef186b6f60181535a29fbe44865ce137a5079f295b479886c82729d5f3f", size = 11298, upload-time = "2025-10-30T08:19:00.758Z" },
]

[[package]]
name = "ecommerce-pipelines"
version = "0.1.0"
source = { virtual = "." }
dependencies = [
    { name = "delta-spark" },
    { name = "deltalake" },
    { name = "pyspark" },
    { name = "pytest" },
]

[package.metadata]
requires-dist = [
    { name = "delta-spark", specifier = ">=4.0.1" },
    { name = "deltalake", specifier = ">=1.4.1" },
    { name = "pyspark", specifier = ">=4.1.1" },
    { name = "pytest", specifier = ">=9.0.2" },
]

[[package]]
name = "importlib-metadata"
version = "8.7.1"
source = { registry = "https://pypi.org/simple" }
dependencies = [
    { name = "zipp" },
]
sdist = { url = "https://files.pythonhosted.org/packages/f3/49/3b30cad09e7771a4982d9975a8cbf64f00d4a1ececb53297f1d9a7be1b10/importlib_metadata-8.7.1.tar.gz", hash = "sha256:49fef1ae6440c182052f407c8d34a68f72efc36db9ca90dc0113398f2fdde8bb", size = 57107, upload-time = "2025-12-21T10:00:19.278Z" }
wheels = [
    { url = "https://files.pythonhosted.org/packages/fa/5e/f8e9a1d23b9c20a551a8a02ea3637b4642e22c2626e3a13a9a29cdea99eb/importlib_metadata-8.7.1-py3-none-any.whl", hash = "sha256:5a1f80bf1daa489495071efbb095d75a634cf28a8bc299581244063b53176151", size = 27865, upload-time = "2025-12-21T10:00:18.329Z" },
]

[[package]]
name = "iniconfig"
version = "2.3.0"
source = { registry = "https://pypi.org/simple" }
sdist = { url = "https://files.pythonhosted.org/packages/72/34/14ca021ce8e5dfedc35312d08ba8bf51fdd999c576889fc2c24cb97f4f10/iniconfig-2.3.0.tar.gz", hash = "sha256:c76315c77db068650d49c5b56314774a7804df16fee4402c1f19d6d15d8c4730", size = 20503, upload-time = "2025-10-18T21:55:43.219Z" }
wheels = [
    { url = "https://files.pythonhosted.org/packages/cb/b1/3846dd7f199d53cb17f49cba7e651e9ce294d8497c8c150530ed11865bb8/iniconfig-2.3.0-py3-none-any.whl", hash = "sha256:f631c04d2c48c52b84d0d0549c99ff3859c98df65b3101406327ecc7d53fbf12", size = 7484, upload-time = "2025-10-18T21:55:41.639Z" },
]

[[package]]
name = "packaging"
version = "26.0"
source = { registry = "https://pypi.org/simple" }
sdist = { url = "https://files.pythonhosted.org/packages/65/ee/299d360cdc32edc7d2cf530f3accf79c4fca01e96ffc950d8a52213bd8e4/packaging-26.0.tar.gz", hash = "sha256:00243ae351a257117b6a241061796684b084ed1c516a08c48a3f7e147a9d80b4", size = 143416, upload-time = "2026-01-21T20:50:39.064Z" }
wheels = [
    { url = "https://files.pythonhosted.org/packages/b7/b9/c538f279a4e237a006a2c98387d081e9eb060d203d8ed34467cc0f0b9b53/packaging-26.0-py3-none-any.whl", hash = "sha256:b36f1fef9334a5588b4166f8bcd26a14e521f2b55e6b9de3aaa80d3ff7a37529", size = 74366, upload-time = "2026-01-21T20:50:37.788Z" },
]

[[package]]
name = "pluggy"
version = "1.6.0"
source = { registry = "https://pypi.org/simple" }
sdist = { url = "https://files.pythonhosted.org/packages/f9/e2/3e91f31a7d2b083fe6ef3fa267035b518369d9511ffab804f839851d2779/pluggy-1.6.0.tar.gz", hash = "sha256:7dcc130b76258d33b90f61b658791dede3486c3e6bfb003ee5c9bfb396dd22f3", size = 69412, upload-time = "2025-05-15T12:30:07.975Z" }
wheels = [
    { url = "https://files.pythonhosted.org/packages/54/20/4d324d65cc6d9205fabedc306948156824eb9f0ee1633355a8f7ec5c66bf/pluggy-1.6.0-py3-none-any.whl", hash = "sha256:e920276dd6813095e9377c0bc5566d94c932c33b27a3e3945d8389c374dd4746", size = 20538, upload-time = "2025-05-15T12:30:06.134Z" },
]

[[package]]
name = "py4j"
version = "0.10.9.9"
source = { registry = "https://pypi.org/simple" }
sdist = { url = "https://files.pythonhosted.org/packages/38/31/0b210511177070c8d5d3059556194352e5753602fa64b85b7ab81ec1a009/py4j-0.10.9.9.tar.gz", hash = "sha256:f694cad19efa5bd1dee4f3e5270eb406613c974394035e5bfc4ec1aba870b879", size = 761089, upload-time = "2025-01-15T03:53:18.624Z" }
wheels = [
    { url = "https://files.pythonhosted.org/packages/bd/db/ea0203e495be491c85af87b66e37acfd3bf756fd985f87e46fc5e3bf022c/py4j-0.10.9.9-py2.py3-none-any.whl", hash = "sha256:c7c26e4158defb37b0bb124933163641a2ff6e3a3913f7811b0ddbe07ed61533", size = 203008, upload-time = "2025-01-15T03:53:15.648Z" },
]

[[package]]
name = "pygments"
version = "2.19.2"
source = { registry = "https://pypi.org/simple" }
sdist = { url = "https://files.pythonhosted.org/packages/b0/77/a5b8c569bf593b0140bde72ea885a803b82086995367bf2037de0159d924/pygments-2.19.2.tar.gz", hash = "sha256:636cb2477cec7f8952536970bc533bc43743542f70392ae026374600add5b887", size = 4968631, upload-time = "2025-06-21T13:39:12.283Z" }
wheels = [
    { url = "https://files.pythonhosted.org/packages/c7/21/705964c7812476f378728bdf590ca4b771ec72385c533964653c68e86bdc/pygments-2.19.2-py3-none-any.whl", hash = "sha256:86540386c03d588bb81d44bc3928634ff26449851e99741617ecb9037ee5ec0b", size = 1225217, upload-time = "2025-06-21T13:39:07.939Z" },
]

[[package]]
name = "pyspark"
version = "4.1.1"
source = { registry = "https://pypi.org/simple" }
dependencies = [
    { name = "py4j" },
]
sdist = { url = "https://files.pythonhosted.org/packages/19/bf/58ee13add151469c25825b7125bbf62c3bdcec05eec4d458fcb5c5516066/pyspark-4.1.1.tar.gz", hash = "sha256:77f78984aa84fbe865c717dd37b49913b4e5c97d76ef6824f932f1aefa6621ec", size = 455359625, upload-time = "2026-01-09T09:38:38.28Z" }

[[package]]
name = "pytest"
version = "9.0.2"
source = { registry = "https://pypi.org/simple" }
dependencies = [
    { name = "colorama", marker = "sys_platform == 'win32'" },
    { name = "iniconfig" },
    { name = "packaging" },
    { name = "pluggy" },
    { name = "pygments" },
]
sdist = { url = "https://files.pythonhosted.org/packages/d1/db/7ef3487e0fb0049ddb5ce41d3a49c235bf9ad299b6a25d5780a89f19230f/pytest-9.0.2.tar.gz", hash = "sha256:75186651a92bd89611d1d9fc20f0b4345fd827c41ccd5c299a868a05d70edf11", size = 1568901, upload-time = "2025-12-06T21:30:51.014Z" }
wheels = [
    { url = "https://files.pythonhosted.org/packages/3b/ab/b3226f0bd7cdcf710fbede2b3548584366da3b19b5021e74f5bde2a8fa3f/pytest-9.0.2-py3-none-any.whl", hash = "sha256:711ffd45bf766d5264d487b917733b453d917afd2b0ad65223959f59089f875b", size = 374801, upload-time = "2025-12-06T21:30:49.154Z" },
]

[[package]]
name = "wrapt"
version = "2.1.1"
source = { registry = "https://pypi.org/simple" }
sdist = { url = "https://files.pythonhosted.org/packages/f7/37/ae31f40bec90de2f88d9597d0b5281e23ffe85b893a47ca5d9c05c63a4f6/wrapt-2.1.1.tar.gz", hash = "sha256:5fdcb09bf6db023d88f312bd0767594b414655d58090fc1c46b3414415f67fac", size = 81329, upload-time = "2026-02-03T02:12:13.786Z" }
wheels = [
    { url = "https://files.pythonhosted.org/packages/f7/ca/3cf290212855b19af9fcc41b725b5620b32f470d6aad970c2593500817eb/wrapt-2.1.1-cp313-cp313-macosx_10_13_x86_64.whl", hash = "sha256:ce9646e17fa7c3e2e7a87e696c7de66512c2b4f789a8db95c613588985a2e139", size = 61150, upload-time = "2026-02-03T02:12:50.575Z" },
    { url = "https://files.pythonhosted.org/packages/9d/33/5b8f89a82a9859ce82da4870c799ad11ce15648b6e1c820fec3e23f4a19f/wrapt-2.1.1-cp313-cp313-macosx_11_0_arm64.whl", hash = "sha256:428cfc801925454395aa468ba7ddb3ed63dc0d881df7b81626cdd433b4e2b11b", size = 61743, upload-time = "2026-02-03T02:11:55.733Z" },
    { url = "https://files.pythonhosted.org/packages/1e/2f/60c51304fbdf47ce992d9eefa61fbd2c0e64feee60aaa439baf42ea6f40b/wrapt-2.1.1-cp313-cp313-manylinux1_x86_64.manylinux_2_28_x86_64.manylinux_2_5_x86_64.whl", hash = "sha256:5797f65e4d58065a49088c3b32af5410751cd485e83ba89e5a45e2aa8905af98", size = 121341, upload-time = "2026-02-03T02:11:20.461Z" },
    { url = "https://files.pythonhosted.org/packages/ad/03/ce5256e66dd94e521ad5e753c78185c01b6eddbed3147be541f4d38c0cb7/wrapt-2.1.1-cp313-cp313-manylinux2014_aarch64.manylinux_2_17_aarch64.manylinux_2_28_aarch64.whl", hash = "sha256:5a2db44a71202c5ae4bb5f27c6d3afbc5b23053f2e7e78aa29704541b5dad789", size = 122947, upload-time = "2026-02-03T02:11:33.596Z" },
    { url = "https://files.pythonhosted.org/packages/eb/ae/50ca8854b81b946a11a36fcd6ead32336e6db2c14b6e4a8b092b80741178/wrapt-2.1.1-cp313-cp313-musllinux_1_2_aarch64.whl", hash = "sha256:8d5350c3590af09c1703dd60ec78a7370c0186e11eaafb9dda025a30eee6492d", size = 121370, upload-time = "2026-02-03T02:11:09.886Z" },
    { url = "https://files.pythonhosted.org/packages/fb/d9/d6a7c654e0043319b4cc137a4caaf7aa16b46b51ee8df98d1060254705b7/wrapt-2.1.1-cp313-cp313-musllinux_1_2_x86_64.whl", hash = "sha256:2d9b076411bed964e752c01b49fd224cc385f3a96f520c797d38412d70d08359", size = 120465, upload-time = "2026-02-03T02:11:37.592Z" },
    { url = "https://files.pythonhosted.org/packages/55/90/65be41e40845d951f714b5a77e84f377a3787b1e8eee6555a680da6d0db5/wrapt-2.1.1-cp313-cp313-win32.whl", hash = "sha256:0bb7207130ce6486727baa85373503bf3334cc28016f6928a0fa7e19d7ecdc06", size = 58090, upload-time = "2026-02-03T02:12:53.342Z" },
    { url = "https://files.pythonhosted.org/packages/5f/66/6a09e0294c4fc8c26028a03a15191721c9271672467cc33e6617ee0d91d2/wrapt-2.1.1-cp313-cp313-win_amd64.whl", hash = "sha256:cbfee35c711046b15147b0ae7db9b976f01c9520e6636d992cd9e69e5e2b03b1", size = 60341, upload-time = "2026-02-03T02:12:36.384Z" },
    { url = "https://files.pythonhosted.org/packages/7a/f0/20ceb8b701e9a71555c87a5ddecbed76ec16742cf1e4b87bbaf26735f998/wrapt-2.1.1-cp313-cp313-win_arm64.whl", hash = "sha256:7d2756061022aebbf57ba14af9c16e8044e055c22d38de7bf40d92b565ecd2b0", size = 58731, upload-time = "2026-02-03T02:12:01.328Z" },
    { url = "https://files.pythonhosted.org/packages/80/b4/fe95beb8946700b3db371f6ce25115217e7075ca063663b8cca2888ba55c/wrapt-2.1.1-cp313-cp313t-macosx_10_13_x86_64.whl", hash = "sha256:4814a3e58bc6971e46baa910ecee69699110a2bf06c201e24277c65115a20c20", size = 62969, upload-time = "2026-02-03T02:11:51.245Z" },
    { url = "https://files.pythonhosted.org/packages/b8/89/477b0bdc784e3299edf69c279697372b8bd4c31d9c6966eae405442899df/wrapt-2.1.1-cp313-cp313t-macosx_11_0_arm64.whl", hash = "sha256:106c5123232ab9b9f4903692e1fa0bdc231510098f04c13c3081f8ad71c3d612", size = 63606, upload-time = "2026-02-03T02:12:02.64Z" },
    { url = "https://files.pythonhosted.org/packages/ed/55/9d0c1269ab76de87715b3b905df54dd25d55bbffd0b98696893eb613469f/wrapt-2.1.1-cp313-cp313t-manylinux1_x86_64.manylinux_2_28_x86_64.manylinux_2_5_x86_64.whl", hash = "sha256:1a40b83ff2535e6e56f190aff123821eea89a24c589f7af33413b9c19eb2c738", size = 152536, upload-time = "2026-02-03T02:11:24.492Z" },
    { url = "https://files.pythonhosted.org/packages/44/18/2004766030462f79ad86efaa62000b5e39b1ff001dcce86650e1625f40ae/wrapt-2.1.1-cp313-cp313t-manylinux2014_aarch64.manylinux_2_17_aarch64.manylinux_2_28_aarch64.whl", hash = "sha256:789cea26e740d71cf1882e3a42bb29052bc4ada15770c90072cb47bf73fb3dbf", size = 158697, upload-time = "2026-02-03T02:12:32.214Z" },
    { url = "https://files.pythonhosted.org/packages/e1/bb/0a880fa0f35e94ee843df4ee4dd52a699c9263f36881311cfb412c09c3e5/wrapt-2.1.1-cp313-cp313t-musllinux_1_2_aarch64.whl", hash = "sha256:ba49c14222d5e5c0ee394495a8655e991dc06cbca5398153aefa5ac08cd6ccd7", size = 155563, upload-time = "2026-02-03T02:11:49.737Z" },
    { url = "https://files.pythonhosted.org/packages/42/ff/cd1b7c4846c8678fac359a6eb975dc7ab5bd606030adb22acc8b4a9f53f1/wrapt-2.1.1-cp313-cp313t-musllinux_1_2_x86_64.whl", hash = "sha256:ac8cda531fe55be838a17c62c806824472bb962b3afa47ecbd59b27b78496f4e", size = 150161, upload-time = "2026-02-03T02:12:33.613Z" },
    { url = "https://files.pythonhosted.org/packages/38/ec/67c90a7082f452964b4621e4890e9a490f1add23cdeb7483cc1706743291/wrapt-2.1.1-cp313-cp313t-win32.whl", hash = "sha256:b8af75fe20d381dd5bcc9db2e86a86d7fcfbf615383a7147b85da97c1182225b", size = 59783, upload-time = "2026-02-03T02:11:39.863Z" },
    { url = "https://files.pythonhosted.org/packages/ec/08/466afe4855847d8febdfa2c57c87e991fc5820afbdef01a273683dfd15a0/wrapt-2.1.1-cp313-cp313t-win_amd64.whl", hash = "sha256:45c5631c9b6c792b78be2d7352129f776dd72c605be2c3a4e9be346be8376d83", size = 63082, upload-time = "2026-02-03T02:12:09.075Z" },
    { url = "https://files.pythonhosted.org/packages/9a/62/60b629463c28b15b1eeadb3a0691e17568622b12aa5bfa7ebe9b514bfbeb/wrapt-2.1.1-cp313-cp313t-win_arm64.whl", hash = "sha256:da815b9263947ac98d088b6414ac83507809a1d385e4632d9489867228d6d81c", size = 60251, upload-time = "2026-02-03T02:11:21.794Z" },
    { url = "https://files.pythonhosted.org/packages/95/a0/1c2396e272f91efe6b16a6a8bce7ad53856c8f9ae4f34ceaa711d63ec9e1/wrapt-2.1.1-cp314-cp314-macosx_10_15_x86_64.whl", hash = "sha256:9aa1765054245bb01a37f615503290d4e207e3fd59226e78341afb587e9c1236", size = 61311, upload-time = "2026-02-03T02:12:44.41Z" },
    { url = "https://files.pythonhosted.org/packages/b0/9a/d2faba7e61072a7507b5722db63562fdb22f5a24e237d460d18755627f15/wrapt-2.1.1-cp314-cp314-macosx_11_0_arm64.whl", hash = "sha256:feff14b63a6d86c1eee33a57f77573649f2550935981625be7ff3cb7342efe05", size = 61805, upload-time = "2026-02-03T02:11:59.905Z" },
    { url = "https://files.pythonhosted.org/packages/db/56/073989deb4b5d7d6e7ea424476a4ae4bda02140f2dbeaafb14ba4864dd60/wrapt-2.1.1-cp314-cp314-manylinux1_x86_64.manylinux_2_28_x86_64.manylinux_2_5_x86_64.whl", hash = "sha256:81fc5f22d5fcfdbabde96bb3f5379b9f4476d05c6d524d7259dc5dfb501d3281", size = 120308, upload-time = "2026-02-03T02:12:04.46Z" },
    { url = "https://files.pythonhosted.org/packages/d1/b6/84f37261295e38167a29eb82affaf1dc15948dc416925fe2091beee8e4ac/wrapt-2.1.1-cp314-cp314-manylinux2014_aarch64.manylinux_2_17_aarch64.manylinux_2_28_aarch64.whl", hash = "sha256:951b228ecf66def855d22e006ab9a1fc12535111ae7db2ec576c728f8ddb39e8", size = 122688, upload-time = "2026-02-03T02:11:23.148Z" },
    { url = "https://files.pythonhosted.org/packages/ea/80/32db2eec6671f80c65b7ff175be61bc73d7f5223f6910b0c921bbc4bd11c/wrapt-2.1.1-cp314-cp314-musllinux_1_2_aarch64.whl", hash = "sha256:0ddf582a95641b9a8c8bd643e83f34ecbbfe1b68bc3850093605e469ab680ae3", size = 121115, upload-time = "2026-02-03T02:12:39.068Z" },
    { url = "https://files.pythonhosted.org/packages/49/ef/dcd00383df0cd696614127902153bf067971a5aabcd3c9dcb2d8ef354b2a/wrapt-2.1.1-cp314-cp314-musllinux_1_2_x86_64.whl", hash = "sha256:fc5c500966bf48913f795f1984704e6d452ba2414207b15e1f8c339a059d5b16", size = 119484, upload-time = "2026-02-03T02:11:48.419Z" },
    { url = "https://files.pythonhosted.org/packages/76/29/0630280cdd2bd8f86f35cb6854abee1c9d6d1a28a0c6b6417cd15d378325/wrapt-2.1.1-cp314-cp314-win32.whl", hash = "sha256:4aa4baadb1f94b71151b8e44a0c044f6af37396c3b8bcd474b78b49e2130a23b", size = 58514, upload-time = "2026-02-03T02:11:58.616Z" },
    { url = "https://files.pythonhosted.org/packages/db/19/5bed84f9089ed2065f6aeda5dfc4f043743f642bc871454b261c3d7d322b/wrapt-2.1.1-cp314-cp314-win_amd64.whl", hash = "sha256:860e9d3fd81816a9f4e40812f28be4439ab01f260603c749d14be3c0a1170d19", size = 60763, upload-time = "2026-02-03T02:12:24.553Z" },
    { url = "https://files.pythonhosted.org/packages/e4/cb/b967f2f9669e4249b4fe82e630d2a01bc6b9e362b9b12ed91bbe23ae8df4/wrapt-2.1.1-cp314-cp314-win_arm64.whl", hash = "sha256:3c59e103017a2c1ea0ddf589cbefd63f91081d7ce9d491d69ff2512bb1157e23", size = 59051, upload-time = "2026-02-03T02:11:29.602Z" },
    { url = "https://files.pythonhosted.org/packages/eb/19/6fed62be29f97eb8a56aff236c3f960a4b4a86e8379dc7046a8005901a97/wrapt-2.1.1-cp314-cp314t-macosx_10_15_x86_64.whl", hash = "sha256:9fa7c7e1bee9278fc4f5dd8275bc8d25493281a8ec6c61959e37cc46acf02007", size = 63059, upload-time = "2026-02-03T02:12:06.368Z" },
    { url = "https://files.pythonhosted.org/packages/0a/1c/b757fd0adb53d91547ed8fad76ba14a5932d83dde4c994846a2804596378/wrapt-2.1.1-cp314-cp314t-macosx_11_0_arm64.whl", hash = "sha256:39c35e12e8215628984248bd9c8897ce0a474be2a773db207eb93414219d8469", size = 63618, upload-time = "2026-02-03T02:12:23.197Z" },
    { url = "https://files.pythonhosted.org/packages/10/fe/e5ae17b1480957c7988d991b93df9f2425fc51f128cf88144d6a18d0eb12/wrapt-2.1.1-cp314-cp314t-manylinux1_x86_64.manylinux_2_28_x86_64.manylinux_2_5_x86_64.whl", hash = "sha256:94ded4540cac9125eaa8ddf5f651a7ec0da6f5b9f248fe0347b597098f8ec14c", size = 152544, upload-time = "2026-02-03T02:11:43.915Z" },
    { url = "https://files.pythonhosted.org/packages/3e/cc/99aed210c6b547b8a6e4cb9d1425e4466727158a6aeb833aa7997e9e08dd/wrapt-2.1.1-cp314-cp314t-manylinux2014_aarch64.manylinux_2_17_aarch64.manylinux_2_28_aarch64.whl", hash = "sha256:da0af328373f97ed9bdfea24549ac1b944096a5a71b30e41c9b8b53ab3eec04a", size = 158700, upload-time = "2026-02-03T02:12:30.684Z" },
    { url = "https://files.pythonhosted.org/packages/81/0e/d442f745f4957944d5f8ad38bc3a96620bfff3562533b87e486e979f3d99/wrapt-2.1.1-cp314-cp314t-musllinux_1_2_aarch64.whl", hash = "sha256:4ad839b55f0bf235f8e337ce060572d7a06592592f600f3a3029168e838469d3", size = 155561, upload-time = "2026-02-03T02:11:28.164Z" },
    { url = "https://files.pythonhosted.org/packages/51/ac/9891816280e0018c48f8dfd61b136af7b0dcb4a088895db2531acde5631b/wrapt-2.1.1-cp314-cp314t-musllinux_1_2_x86_64.whl", hash = "sha256:0d89c49356e5e2a50fa86b40e0510082abcd0530f926cbd71cf25bee6b9d82d7", size = 150188, upload-time = "2026-02-03T02:11:57.053Z" },
    { url = "https://files.pythonhosted.org/packages/24/98/e2f273b6d70d41f98d0739aa9a269d0b633684a5fb17b9229709375748d4/wrapt-2.1.1-cp314-cp314t-win32.whl", hash = "sha256:f4c7dd22cf7f36aafe772f3d88656559205c3af1b7900adfccb70edeb0d2abc4", size = 60425, upload-time = "2026-02-03T02:11:35.007Z" },
    { url = "https://files.pythonhosted.org/packages/1e/06/b500bfc38a4f82d89f34a13069e748c82c5430d365d9e6b75afb3ab74457/wrapt-2.1.1-cp314-cp314t-win_amd64.whl", hash = "sha256:f76bc12c583ab01e73ba0ea585465a41e48d968f6d1311b4daec4f8654e356e3", size = 63855, upload-time = "2026-02-03T02:12:15.47Z" },
    { url = "https://files.pythonhosted.org/packages/d9/cc/5f6193c32166faee1d2a613f278608e6f3b95b96589d020f0088459c46c9/wrapt-2.1.1-cp314-cp314t-win_arm64.whl", hash = "sha256:7ea74fc0bec172f1ae5f3505b6655c541786a5cabe4bbc0d9723a56ac32eb9b9", size = 60443, upload-time = "2026-02-03T02:11:30.869Z" },
    { url = "https://files.pythonhosted.org/packages/c4/da/5a086bf4c22a41995312db104ec2ffeee2cf6accca9faaee5315c790377d/wrapt-2.1.1-py3-none-any.whl", hash = "sha256:3b0f4629eb954394a3d7c7a1c8cca25f0b07cefe6aa8545e862e9778152de5b7", size = 43886, upload-time = "2026-02-03T02:11:45.048Z" },
]

[[package]]
name = "zipp"
version = "3.23.0"
source = { registry = "https://pypi.org/simple" }
sdist = { url = "https://files.pythonhosted.org/packages/e3/02/0f2892c661036d50ede074e376733dca2ae7c6eb617489437771209d4180/zipp-3.23.0.tar.gz", hash = "sha256:a07157588a12518c9d4034df3fbbee09c814741a33ff63c05fa29d26a2404166", size = 25547, upload-time = "2025-06-08T17:06:39.4Z" }
wheels = [
    { url = "https://files.pythonhosted.org/packages/2e/54/647ade08bf0db230bfea292f893923872fd20be6ac6f53b2b936ba839d75/zipp-3.23.0-py3-none-any.whl", hash = "sha256:071652d6115ed432f5ce1d34c336c0adfd6a884660d1e9712a256d3d3bd4b14e", size = 10276, upload-time = "2025-06-08T17:06:38.034Z" },
]
